
Microsoft Visual Studio Solution File, Format Version 12.00
# Visual Studio Version 17
VisualStudioVersion = 17.3.32929.385
MinimumVisualStudioVersion = 10.0.40219.1
Project("{2150E333-8FDC-42A3-9474-1A3956D46DE8}") = "01 Fizz Buzz", "01 Fizz Buzz", "{67D53BB0-6C62-4223-9B68-13D26A0C1105}"
EndProject
Project("{2150E333-8FDC-42A3-9474-1A3956D46DE8}") = "02 Login With Backoff", "02 Login With Backoff", "{920B1F91-BDAD-4E9A-A3F1-D6E5192301DC}"
EndProject
Project("{9A19103F-16F7-4668-BE54-9A1E7A4F7556}") = "FizzBuzz.App", "FizzBuzz\FizzBuzz.App\FizzBuzz.App.csproj", "{4E9D2372-6CE4-43F1-AFB9-D5650B597256}"
EndProject
Project("{9A19103F-16F7-4668-BE54-9A1E7A4F7556}") = "FizzBuzz.App.Tests", "FizzBuzz\FizzBuzz.App.Tests\FizzBuzz.App.Tests.csproj", "{9318F432-E546-47C7-96F4-ACDEE732D3D5}"
EndProject
Project("{9A19103F-16F7-4668-BE54-9A1E7A4F7556}") = "LoginWithBackoff.App", "LoginWithBackoff\LoginWithBackoff.App\LoginWithBackoff.App.csproj", "{8D6C707D-167C-4764-B5AF-9CDD495EE050}"
EndProject
Project("{9A19103F-16F7-4668-BE54-9A1E7A4F7556}") = "LoginWithBackoff.App.Tests", "LoginWithBackoff\LoginWithBackoff.App.Tests\LoginWithBackoff.App.Tests.csproj", "{42C6E20D-11FD-40C9-8191-3E590C3E412E}"
EndProject
Project("{2150E333-8FDC-42A3-9474-1A3956D46DE8}") = "03 Stack", "03 Stack", "{62AE01C1-CD06-4BF7-931F-7A2BA7F50E79}"
EndProject
Project("{9A19103F-16F7-4668-BE54-9A1E7A4F7556}") = "Stack.App", "Stack\Stack.App\Stack.App.csproj", "{0572D4D0-4C5B-408A-BEB0-84C9D615CA97}"
EndProject
Project("{9A19103F-16F7-4668-BE54-9A1E7A4F7556}") = "Stack.App.Tests", "Stack\Stack.App.Tests\Stack.App.Tests.csproj", "{2E6EB20C-BA46-40DA-A070-A3DC97409CD1}"
EndProject
Project("{2150E333-8FDC-42A3-9474-1A3956D46DE8}") = "04 Tic Tac Toe", "04 Tic Tac Toe", "{94B48DE8-C952-41D0-82CC-C76501EC63B3}"
EndProject
Project("{9A19103F-16F7-4668-BE54-9A1E7A4F7556}") = "TicTacToe.App", "TicTacToe\TicTacToe.App\TicTacToe.App.csproj", "{F763BE6D-B08E-4160-AFA5-44FC16D7BA36}"
EndProject
Project("{9A19103F-16F7-4668-BE54-9A1E7A4F7556}") = "TicTacToe.Shared", "TicTacToe\TicTacToe.Shared\TicTacToe.Shared.csproj", "{0E4F9155-9578-45FF-A96F-1859A74A0390}"
EndProject
Project("{9A19103F-16F7-4668-BE54-9A1E7A4F7556}") = "TicTacToe.Shared.Tests", "TicTacToe\TicTacToe.Shared.Tests\TicTacToe.Shared.Tests.csproj", "{75579F1A-3F5F-4DA0-BBA5-1D322AEF906F}"
EndProject
Project("{9A19103F-16F7-4668-BE54-9A1E7A4F7556}") = "TicTacToe.Web", "TicTacToe\TicTacToe.Web\TicTacToe.Web.csproj", "{1C6554EB-CF0C-4C88-8915-DAC0F6278B64}"
EndProject
Project("{2150E333-8FDC-42A3-9474-1A3956D46DE8}") = "05 Grade Calculator", "05 Grade Calculator", "{3D58A179-0BDF-4C2D-9078-E1F55658AE34}"
EndProject
Project("{9A19103F-16F7-4668-BE54-9A1E7A4F7556}") = "GradeCalculator.App", "GradeCalculator\GradeCalculator.App\GradeCalculator.App.csproj", "{C2347A64-9125-4031-9627-FF65BC42950F}"
EndProject
Project("{9A19103F-16F7-4668-BE54-9A1E7A4F7556}") = "GradeCalculator.Shared", "GradeCalculator\GradeCalculator.Shared\GradeCalculator.Shared.csproj", "{C6CCB5E0-5645-4D17-80BC-9426DA6FD7BC}"
EndProject
Project("{9A19103F-16F7-4668-BE54-9A1E7A4F7556}") = "GradeCalculator.Shared.Tests", "GradeCalculator\GradeCalculator.Shared.Tests\GradeCalculator.Shared.Tests.csproj", "{0C05B8F9-3DD1-4FCD-9A48-4204B390224B}"
EndProject
Project("{2150E333-8FDC-42A3-9474-1A3956D46DE8}") = "D01 Refactor test cases", "D01 Refactor test cases", "{CE574A4B-45D3-4D4D-AE29-8BD71E8C11F5}"
EndProject
Project("{9A19103F-16F7-4668-BE54-9A1E7A4F7556}") = "SimpleCalculator.Shared", "SimpleCalculator\SimpleCalculator.Shared\SimpleCalculator.Shared.csproj", "{CD6E1028-B23B-4040-862F-AFEADBDDFD91}"
EndProject
Project("{9A19103F-16F7-4668-BE54-9A1E7A4F7556}") = "SimpleCalculator.Shared.Tests", "SimpleCalculator\SimpleCalculator.Shared.Tests\SimpleCalculator.Shared.Tests.csproj", "{A86CF30A-FDFF-47E8-AF2D-95303391BD99}"
EndProject
Project("{2150E333-8FDC-42A3-9474-1A3956D46DE8}") = "06 Palindrome Password", "06 Palindrome Password", "{AB5117C7-74B1-4CF9-ABB3-9CBB2FCBD913}"
EndProject
Project("{9A19103F-16F7-4668-BE54-9A1E7A4F7556}") = "PalindromePassword.Shared", "PalindromePassword\PalindromePassword.Shared\PalindromePassword.Shared.csproj", "{DFF16C0C-1658-42AF-A6EB-E38356E58B80}"
EndProject
Project("{9A19103F-16F7-4668-BE54-9A1E7A4F7556}") = "PalindromePassword.App", "PalindromePassword\PalindromePassword.App\PalindromePassword.App.csproj", "{7C2594CA-E0D2-42BD-927F-77939FEA8399}"
EndProject
Project("{9A19103F-16F7-4668-BE54-9A1E7A4F7556}") = "PalindromePassword.Shared.Tests", "PalindromePassword\PalindromePassword.Shared.Tests\PalindromePassword.Shared.Tests.csproj", "{42382C88-B423-4019-B6A0-DC7C8E8C4E6D}"
EndProject
Project("{2150E333-8FDC-42A3-9474-1A3956D46DE8}") = "D02 Black Box Testing", "D02 Black Box Testing", "{A332B72F-F253-466B-B6E7-765C98EAE7C8}"
EndProject
Project("{9A19103F-16F7-4668-BE54-9A1E7A4F7556}") = "BlackBoxTesting.App", "BlackBoxTesting\BlackBoxTesting.App\BlackBoxTesting.App.csproj", "{74DB0320-804F-472C-ACA4-27857FE1964F}"
EndProject
Project("{9A19103F-16F7-4668-BE54-9A1E7A4F7556}") = "BlackBoxTesting.Shared", "BlackBoxTesting\BlackBoxTesting.Shared\BlackBoxTesting.Shared.csproj", "{82847EFF-DF5A-4C69-AC1F-AEF89646FF85}"
EndProject
Project("{9A19103F-16F7-4668-BE54-9A1E7A4F7556}") = "BlackBoxTesting.Shared.Tests", "BlackBoxTesting\BlackBoxTesting.Shared.Tests\BlackBoxTesting.Shared.Tests.csproj", "{0A38951A-B72B-47FE-B62F-56D0340A7DB0}"
EndProject
Project("{2150E333-8FDC-42A3-9474-1A3956D46DE8}") = "07 Password Validation", "07 Password Validation", "{BA267FA9-B810-4BB8-82C2-E68A0344DBAE}"
EndProject
Project("{9A19103F-16F7-4668-BE54-9A1E7A4F7556}") = "PasswordValidation.App", "PasswordValidation\PasswordValidation.App\PasswordValidation.App.csproj", "{FC7C882A-A03C-4B34-A92C-4BC680D83C0F}"
EndProject
Project("{9A19103F-16F7-4668-BE54-9A1E7A4F7556}") = "PasswordValidation.Shared.Tests", "PasswordValidation\PasswordValidation.Shared.Tests\PasswordValidation.Shared.Tests.csproj", "{4219B6BF-20AD-4215-98EA-DCEEB7869298}"
EndProject
Project("{9A19103F-16F7-4668-BE54-9A1E7A4F7556}") = "PasswordValidation.Shared", "PasswordValidation\PasswordValidation.Shared\PasswordValidation.Shared.csproj", "{EEDD4EC6-CA17-4B95-9BAE-14AE4A7BABC5}"
EndProject
Project("{2150E333-8FDC-42A3-9474-1A3956D46DE8}") = "08 Largest Prime Factor", "08 Largest Prime Factor", "{EA356089-E8E3-4EF6-9AC2-48A94726C785}"
EndProject
Project("{9A19103F-16F7-4668-BE54-9A1E7A4F7556}") = "LargestPrimeFactor.Shared", "LargestPrimeFactor\LargestPrimeFactor.Shared\LargestPrimeFactor.Shared.csproj", "{37299A69-EE99-4241-9B26-31B055183EA3}"
EndProject
Project("{9A19103F-16F7-4668-BE54-9A1E7A4F7556}") = "LargestPrimeFactor.Shared.Tests", "LargestPrimeFactor\LargestPrimeFactor.Shared.Tests\LargestPrimeFactor.Shared.Tests.csproj", "{ECB7F7F0-EFF9-47D3-9C82-5E9D840C9BC9}"
EndProject
Project("{9A19103F-16F7-4668-BE54-9A1E7A4F7556}") = "LargestPrimeFactor.App", "LargestPrimeFactor\LargestPrimeFactor.App\LargestPrimeFactor.App.csproj", "{D2C8D973-FAE8-4FD5-A7CC-BF8495ED5627}"
EndProject
Project("{2150E333-8FDC-42A3-9474-1A3956D46DE8}") = "09 The 10001st Prime", "09 The 10001st Prime", "{074B89C6-0759-4F1D-9556-4DB9178105BA}"
EndProject
Project("{9A19103F-16F7-4668-BE54-9A1E7A4F7556}") = "The10001stPrime.App", "The10001stPrime\The10001stPrime.App\The10001stPrime.App.csproj", "{A284DC0E-5993-4E66-86C0-0A4A3C00B5D7}"
EndProject
Project("{9A19103F-16F7-4668-BE54-9A1E7A4F7556}") = "The10001stPrime.Shared.Tests", "The10001stPrime\The10001stPrime.Shared.Tests\The10001stPrime.Shared.Tests.csproj", "{ED954975-6558-4FBB-A460-30FBC85561A5}"
EndProject
Project("{9A19103F-16F7-4668-BE54-9A1E7A4F7556}") = "The10001stPrime.Shared", "The10001stPrime\The10001stPrime.Shared\The10001stPrime.Shared.csproj", "{D29C1D07-E7A1-452A-B356-C3046E5332C9}"
EndProject
Project("{2150E333-8FDC-42A3-9474-1A3956D46DE8}") = "10 Number To Text", "10 Number To Text", "{F33DD024-719D-48F8-B3C4-791531DB2239}"
EndProject
Project("{9A19103F-16F7-4668-BE54-9A1E7A4F7556}") = "NumberToText.Shared", "NumberToText\NumberToText.Shared\NumberToText.Shared.csproj", "{85CEB802-EFED-4682-899D-3B048B0E5F0F}"
EndProject
Project("{9A19103F-16F7-4668-BE54-9A1E7A4F7556}") = "NumberToText.Shared.Tests", "NumberToText\NumberToText.Shared.Tests\NumberToText.Shared.Tests.csproj", "{9290C644-6701-4545-96C1-A6544CE08695}"
EndProject
Project("{9A19103F-16F7-4668-BE54-9A1E7A4F7556}") = "NumberToText.App", "NumberToText\NumberToText.App\NumberToText.App.csproj", "{7E84B97A-40C2-4331-8074-2E5A8229FCB4}"
EndProject
Project("{2150E333-8FDC-42A3-9474-1A3956D46DE8}") = "D04 Mock Object", "D04 Mock Object", "{5B87E078-955A-41CB-B426-573F3D11ED8C}"
EndProject
Project("{9A19103F-16F7-4668-BE54-9A1E7A4F7556}") = "MockObject.Shared", "MockObject\MockObject.Shared\MockObject.Shared.csproj", "{56882F12-C4F7-404F-B67B-0DDF43DF4FE3}"
EndProject
Project("{9A19103F-16F7-4668-BE54-9A1E7A4F7556}") = "MockObject.Shared.Tests", "MockObject\MockObject.Shared.Tests\MockObject.Shared.Tests.csproj", "{1B7AA531-F611-4802-AB1F-308313063C84}"
EndProject
Project("{2150E333-8FDC-42A3-9474-1A3956D46DE8}") = "11 Authentication Service", "11 Authentication Service", "{39906118-910C-477B-B0E2-5A5D4F5BDCA2}"
EndProject
Project("{9A19103F-16F7-4668-BE54-9A1E7A4F7556}") = "AuthenticationService.Shared.Tests", "AuthenticationService\AuthenticationService.Shared.Tests\AuthenticationService.Shared.Tests.csproj", "{33675098-6753-476F-94C3-71EDB9B6E00C}"
EndProject
Project("{9A19103F-16F7-4668-BE54-9A1E7A4F7556}") = "AuthenticationService.Shared", "AuthenticationService\AuthenticationService.Shared\AuthenticationService.Shared.csproj", "{33730AB4-7A00-4F52-BCBA-CAC3CCB1A8D1}"
EndProject
Project("{9A19103F-16F7-4668-BE54-9A1E7A4F7556}") = "AuthenticationService.App", "AuthenticationService\AuthenticationService.App\AuthenticationService.App.csproj", "{7B6AF78D-29AF-4BEE-9555-897F54E5E085}"
EndProject
Project("{2150E333-8FDC-42A3-9474-1A3956D46DE8}") = "D05  Dependency Injection", "D05  Dependency Injection", "{A3AB1054-ED08-4231-91E2-E4783A6FED6F}"
EndProject
Project("{9A19103F-16F7-4668-BE54-9A1E7A4F7556}") = "DependencyInjection.App", "DependencyInjection\DependencyInjection.App\DependencyInjection.App.csproj", "{2A8B5F4A-5575-4A37-8338-11CCA85D7C4E}"
EndProject
Project("{9A19103F-16F7-4668-BE54-9A1E7A4F7556}") = "DependencyInjection.Shared", "DependencyInjection\DependencyInjection.Shared\DependencyInjection.Shared.csproj", "{1F0037E3-D64E-4CCC-ABEE-4BC955D11C60}"
EndProject
Project("{9A19103F-16F7-4668-BE54-9A1E7A4F7556}") = "DependencyInjection.Web", "DependencyInjection\DependencyInjection.Web\DependencyInjection.Web.csproj", "{BF99AF70-F8ED-4E00-B354-348B8B47FB4F}"
EndProject
Project("{9A19103F-16F7-4668-BE54-9A1E7A4F7556}") = "DependencyInjection.Shared.Tests", "DependencyInjection\DependencyInjection.Shared.Tests\DependencyInjection.Shared.Tests.csproj", "{6DA3A770-8C78-4C39-9576-A6A1FC494C37}"
EndProject
Project("{2150E333-8FDC-42A3-9474-1A3956D46DE8}") = "Demo", "Demo", "{3564C89E-01D9-45C9-8EF8-D6BFBD2BD078}"
EndProject
Project("{2150E333-8FDC-42A3-9474-1A3956D46DE8}") = "Exercise", "Exercise", "{B754D97B-4E4B-4CA9-B6A5-A6DDBAD4B9C7}"
EndProject
Project("{2150E333-8FDC-42A3-9474-1A3956D46DE8}") = "D06 AutoFixture", "D06 AutoFixture", "{4C9B80B4-6D5F-43C3-BAB3-50EFEF8DC428}"
EndProject
Project("{9A19103F-16F7-4668-BE54-9A1E7A4F7556}") = "AutoFixture.Shared", "AutoFixture\AutoFixture.Shared\AutoFixture.Shared.csproj", "{402F028F-85C6-461F-804B-6E56404880E8}"
EndProject
Project("{9A19103F-16F7-4668-BE54-9A1E7A4F7556}") = "AutoFixture.Shared.Tests", "AutoFixture\AutoFixture.Shared.Tests\AutoFixture.Shared.Tests.csproj", "{17142890-FAFD-4C96-8DF1-E909691BA45A}"
EndProject
Project("{2150E333-8FDC-42A3-9474-1A3956D46DE8}") = "D08 Specflow", "D08 Specflow", "{A287E806-4052-47C0-B905-90142AC6047C}"
EndProject
Project("{9A19103F-16F7-4668-BE54-9A1E7A4F7556}") = "Calculator.Tests", "Specflow\Specflow\Calculator.Tests\Calculator.Tests.csproj", "{139FDA26-9891-425A-87A5-4533CFDD96AD}"
EndProject
Project("{9A19103F-16F7-4668-BE54-9A1E7A4F7556}") = "Calculator.Shared", "Specflow\Calculator.Shared\Calculator.Shared.csproj", "{B0E0A030-6D99-4575-89EB-F87E15185946}"
EndProject
Project("{2150E333-8FDC-42A3-9474-1A3956D46DE8}") = "12 BDD Grade Calculator", "12 BDD Grade Calculator", "{B23A45D3-B37F-4B11-85DB-D64B6C3B79DA}"
EndProject
Project("{9A19103F-16F7-4668-BE54-9A1E7A4F7556}") = "BDDGradeCalculator.Shared", "BDDGradeCalculator\BDDGradeCalculator.Shared\BDDGradeCalculator.Shared\BDDGradeCalculator.Shared.csproj", "{936ADA43-68AB-4233-89A1-6A5FAF5DC853}"
EndProject
Project("{9A19103F-16F7-4668-BE54-9A1E7A4F7556}") = "BDDGradeCalculator.Shared.Tests", "BDDGradeCalculator\BDDGradeCalculator.Shared.Tests\BDDGradeCalculator.Shared.Tests.csproj", "{3A304EE2-4800-4B38-88F8-FCDB2B658A64}"
EndProject
Project("{2150E333-8FDC-42A3-9474-1A3956D46DE8}") = "D09 Playwright", "D09 Playwright", "{2C4949ED-8CD2-4BF0-A075-0C27555E7F0D}"
EndProject
Project("{9A19103F-16F7-4668-BE54-9A1E7A4F7556}") = "PlaywrightDemo", "Playwright\PlaywrightDemo\PlaywrightDemo.csproj", "{22B63B8D-C3E0-40EA-8649-9E7E295AB837}"
EndProject
Project("{9A19103F-16F7-4668-BE54-9A1E7A4F7556}") = "PlaywrightDemo.Web", "Playwright\PlaywrightDemo.Web\PlaywrightDemo.Web.csproj", "{962E0761-58CE-45BE-8D4A-2900CCD30EDE}"
EndProject
Project("{2150E333-8FDC-42A3-9474-1A3956D46DE8}") = "14 String Calculator Kata", "14 String Calculator Kata", "{A74F3891-DF7F-48A8-BC00-5BA797DFF755}"
EndProject
Project("{9A19103F-16F7-4668-BE54-9A1E7A4F7556}") = "StringCalculatorKata.Shared.Tests", "StringCalculatorKata\StringCalculatorKata.Shared.Tests\StringCalculatorKata.Shared.Tests.csproj", "{DCF383A7-5990-41FF-8479-EDE2209E8232}"
EndProject
Project("{9A19103F-16F7-4668-BE54-9A1E7A4F7556}") = "StringCalculatorKata.Shared", "StringCalculatorKata\StringCalculatorKata.Shared\StringCalculatorKata.Shared.csproj", "{35CB7EB9-35E9-4402-B629-5004F234DFF5}"
EndProject
Project("{2150E333-8FDC-42A3-9474-1A3956D46DE8}") = "D03 Fluent Assertions", "D03 Fluent Assertions", "{7BE9D185-4E8D-4494-B64A-3EE6DF00841D}"
EndProject
Project("{2150E333-8FDC-42A3-9474-1A3956D46DE8}") = "D07 SQLite", "D07 SQLite", "{1D4038CC-1E9E-4047-B6FE-7775BC318899}"
EndProject
Project("{2150E333-8FDC-42A3-9474-1A3956D46DE8}") = "13 Logout", "13 Logout", "{E6DB8DB9-FE9F-4896-969D-DB233ACAD6E8}"
EndProject
Project("{2150E333-8FDC-42A3-9474-1A3956D46DE8}") = "15 Roman Numerals Kata", "15 Roman Numerals Kata", "{3A80D5CE-B881-44C6-9432-87D687A6EB75}"
EndProject
Project("{2150E333-8FDC-42A3-9474-1A3956D46DE8}") = "16 Banking Kata", "16 Banking Kata", "{6296E828-8B14-40D2-B42B-221774D69018}"
EndProject
Project("{2150E333-8FDC-42A3-9474-1A3956D46DE8}") = "17 Manhattan Distance", "17 Manhattan Distance", "{A14EA14E-0864-4848-9954-B2D20A34F521}"
EndProject
Global
	GlobalSection(SolutionConfigurationPlatforms) = preSolution
		Debug|Any CPU = Debug|Any CPU
		Release|Any CPU = Release|Any CPU
	EndGlobalSection
	GlobalSection(ProjectConfigurationPlatforms) = postSolution
		{4E9D2372-6CE4-43F1-AFB9-D5650B597256}.Debug|Any CPU.ActiveCfg = Debug|Any CPU
		{4E9D2372-6CE4-43F1-AFB9-D5650B597256}.Debug|Any CPU.Build.0 = Debug|Any CPU
		{4E9D2372-6CE4-43F1-AFB9-D5650B597256}.Release|Any CPU.ActiveCfg = Release|Any CPU
		{4E9D2372-6CE4-43F1-AFB9-D5650B597256}.Release|Any CPU.Build.0 = Release|Any CPU
		{9318F432-E546-47C7-96F4-ACDEE732D3D5}.Debug|Any CPU.ActiveCfg = Debug|Any CPU
		{9318F432-E546-47C7-96F4-ACDEE732D3D5}.Debug|Any CPU.Build.0 = Debug|Any CPU
		{9318F432-E546-47C7-96F4-ACDEE732D3D5}.Release|Any CPU.ActiveCfg = Release|Any CPU
		{9318F432-E546-47C7-96F4-ACDEE732D3D5}.Release|Any CPU.Build.0 = Release|Any CPU
		{8D6C707D-167C-4764-B5AF-9CDD495EE050}.Debug|Any CPU.ActiveCfg = Debug|Any CPU
		{8D6C707D-167C-4764-B5AF-9CDD495EE050}.Debug|Any CPU.Build.0 = Debug|Any CPU
		{8D6C707D-167C-4764-B5AF-9CDD495EE050}.Release|Any CPU.ActiveCfg = Release|Any CPU
		{8D6C707D-167C-4764-B5AF-9CDD495EE050}.Release|Any CPU.Build.0 = Release|Any CPU
		{42C6E20D-11FD-40C9-8191-3E590C3E412E}.Debug|Any CPU.ActiveCfg = Debug|Any CPU
		{42C6E20D-11FD-40C9-8191-3E590C3E412E}.Debug|Any CPU.Build.0 = Debug|Any CPU
		{42C6E20D-11FD-40C9-8191-3E590C3E412E}.Release|Any CPU.ActiveCfg = Release|Any CPU
		{42C6E20D-11FD-40C9-8191-3E590C3E412E}.Release|Any CPU.Build.0 = Release|Any CPU
		{0572D4D0-4C5B-408A-BEB0-84C9D615CA97}.Debug|Any CPU.ActiveCfg = Debug|Any CPU
		{0572D4D0-4C5B-408A-BEB0-84C9D615CA97}.Debug|Any CPU.Build.0 = Debug|Any CPU
		{0572D4D0-4C5B-408A-BEB0-84C9D615CA97}.Release|Any CPU.ActiveCfg = Release|Any CPU
		{0572D4D0-4C5B-408A-BEB0-84C9D615CA97}.Release|Any CPU.Build.0 = Release|Any CPU
		{2E6EB20C-BA46-40DA-A070-A3DC97409CD1}.Debug|Any CPU.ActiveCfg = Debug|Any CPU
		{2E6EB20C-BA46-40DA-A070-A3DC97409CD1}.Debug|Any CPU.Build.0 = Debug|Any CPU
		{2E6EB20C-BA46-40DA-A070-A3DC97409CD1}.Release|Any CPU.ActiveCfg = Release|Any CPU
		{2E6EB20C-BA46-40DA-A070-A3DC97409CD1}.Release|Any CPU.Build.0 = Release|Any CPU
		{F763BE6D-B08E-4160-AFA5-44FC16D7BA36}.Debug|Any CPU.ActiveCfg = Debug|Any CPU
		{F763BE6D-B08E-4160-AFA5-44FC16D7BA36}.Debug|Any CPU.Build.0 = Debug|Any CPU
		{F763BE6D-B08E-4160-AFA5-44FC16D7BA36}.Release|Any CPU.ActiveCfg = Release|Any CPU
		{F763BE6D-B08E-4160-AFA5-44FC16D7BA36}.Release|Any CPU.Build.0 = Release|Any CPU
		{0E4F9155-9578-45FF-A96F-1859A74A0390}.Debug|Any CPU.ActiveCfg = Debug|Any CPU
		{0E4F9155-9578-45FF-A96F-1859A74A0390}.Debug|Any CPU.Build.0 = Debug|Any CPU
		{0E4F9155-9578-45FF-A96F-1859A74A0390}.Release|Any CPU.ActiveCfg = Release|Any CPU
		{0E4F9155-9578-45FF-A96F-1859A74A0390}.Release|Any CPU.Build.0 = Release|Any CPU
		{75579F1A-3F5F-4DA0-BBA5-1D322AEF906F}.Debug|Any CPU.ActiveCfg = Debug|Any CPU
		{75579F1A-3F5F-4DA0-BBA5-1D322AEF906F}.Debug|Any CPU.Build.0 = Debug|Any CPU
		{75579F1A-3F5F-4DA0-BBA5-1D322AEF906F}.Release|Any CPU.ActiveCfg = Release|Any CPU
		{75579F1A-3F5F-4DA0-BBA5-1D322AEF906F}.Release|Any CPU.Build.0 = Release|Any CPU
		{1C6554EB-CF0C-4C88-8915-DAC0F6278B64}.Debug|Any CPU.ActiveCfg = Debug|Any CPU
		{1C6554EB-CF0C-4C88-8915-DAC0F6278B64}.Debug|Any CPU.Build.0 = Debug|Any CPU
		{1C6554EB-CF0C-4C88-8915-DAC0F6278B64}.Release|Any CPU.ActiveCfg = Release|Any CPU
		{1C6554EB-CF0C-4C88-8915-DAC0F6278B64}.Release|Any CPU.Build.0 = Release|Any CPU
		{C2347A64-9125-4031-9627-FF65BC42950F}.Debug|Any CPU.ActiveCfg = Debug|Any CPU
		{C2347A64-9125-4031-9627-FF65BC42950F}.Debug|Any CPU.Build.0 = Debug|Any CPU
		{C2347A64-9125-4031-9627-FF65BC42950F}.Release|Any CPU.ActiveCfg = Release|Any CPU
		{C2347A64-9125-4031-9627-FF65BC42950F}.Release|Any CPU.Build.0 = Release|Any CPU
		{C6CCB5E0-5645-4D17-80BC-9426DA6FD7BC}.Debug|Any CPU.ActiveCfg = Debug|Any CPU
		{C6CCB5E0-5645-4D17-80BC-9426DA6FD7BC}.Debug|Any CPU.Build.0 = Debug|Any CPU
		{C6CCB5E0-5645-4D17-80BC-9426DA6FD7BC}.Release|Any CPU.ActiveCfg = Release|Any CPU
		{C6CCB5E0-5645-4D17-80BC-9426DA6FD7BC}.Release|Any CPU.Build.0 = Release|Any CPU
		{0C05B8F9-3DD1-4FCD-9A48-4204B390224B}.Debug|Any CPU.ActiveCfg = Debug|Any CPU
		{0C05B8F9-3DD1-4FCD-9A48-4204B390224B}.Debug|Any CPU.Build.0 = Debug|Any CPU
		{0C05B8F9-3DD1-4FCD-9A48-4204B390224B}.Release|Any CPU.ActiveCfg = Release|Any CPU
		{0C05B8F9-3DD1-4FCD-9A48-4204B390224B}.Release|Any CPU.Build.0 = Release|Any CPU
		{CD6E1028-B23B-4040-862F-AFEADBDDFD91}.Debug|Any CPU.ActiveCfg = Debug|Any CPU
		{CD6E1028-B23B-4040-862F-AFEADBDDFD91}.Debug|Any CPU.Build.0 = Debug|Any CPU
		{CD6E1028-B23B-4040-862F-AFEADBDDFD91}.Release|Any CPU.ActiveCfg = Release|Any CPU
		{CD6E1028-B23B-4040-862F-AFEADBDDFD91}.Release|Any CPU.Build.0 = Release|Any CPU
		{A86CF30A-FDFF-47E8-AF2D-95303391BD99}.Debug|Any CPU.ActiveCfg = Debug|Any CPU
		{A86CF30A-FDFF-47E8-AF2D-95303391BD99}.Debug|Any CPU.Build.0 = Debug|Any CPU
		{A86CF30A-FDFF-47E8-AF2D-95303391BD99}.Release|Any CPU.ActiveCfg = Release|Any CPU
		{A86CF30A-FDFF-47E8-AF2D-95303391BD99}.Release|Any CPU.Build.0 = Release|Any CPU
		{DFF16C0C-1658-42AF-A6EB-E38356E58B80}.Debug|Any CPU.ActiveCfg = Debug|Any CPU
		{DFF16C0C-1658-42AF-A6EB-E38356E58B80}.Debug|Any CPU.Build.0 = Debug|Any CPU
		{DFF16C0C-1658-42AF-A6EB-E38356E58B80}.Release|Any CPU.ActiveCfg = Release|Any CPU
		{DFF16C0C-1658-42AF-A6EB-E38356E58B80}.Release|Any CPU.Build.0 = Release|Any CPU
		{7C2594CA-E0D2-42BD-927F-77939FEA8399}.Debug|Any CPU.ActiveCfg = Debug|Any CPU
		{7C2594CA-E0D2-42BD-927F-77939FEA8399}.Debug|Any CPU.Build.0 = Debug|Any CPU
		{7C2594CA-E0D2-42BD-927F-77939FEA8399}.Release|Any CPU.ActiveCfg = Release|Any CPU
		{7C2594CA-E0D2-42BD-927F-77939FEA8399}.Release|Any CPU.Build.0 = Release|Any CPU
		{42382C88-B423-4019-B6A0-DC7C8E8C4E6D}.Debug|Any CPU.ActiveCfg = Debug|Any CPU
		{42382C88-B423-4019-B6A0-DC7C8E8C4E6D}.Debug|Any CPU.Build.0 = Debug|Any CPU
		{42382C88-B423-4019-B6A0-DC7C8E8C4E6D}.Release|Any CPU.ActiveCfg = Release|Any CPU
		{42382C88-B423-4019-B6A0-DC7C8E8C4E6D}.Release|Any CPU.Build.0 = Release|Any CPU
		{74DB0320-804F-472C-ACA4-27857FE1964F}.Debug|Any CPU.ActiveCfg = Debug|Any CPU
		{74DB0320-804F-472C-ACA4-27857FE1964F}.Debug|Any CPU.Build.0 = Debug|Any CPU
		{74DB0320-804F-472C-ACA4-27857FE1964F}.Release|Any CPU.ActiveCfg = Release|Any CPU
		{74DB0320-804F-472C-ACA4-27857FE1964F}.Release|Any CPU.Build.0 = Release|Any CPU
		{82847EFF-DF5A-4C69-AC1F-AEF89646FF85}.Debug|Any CPU.ActiveCfg = Debug|Any CPU
		{82847EFF-DF5A-4C69-AC1F-AEF89646FF85}.Debug|Any CPU.Build.0 = Debug|Any CPU
		{82847EFF-DF5A-4C69-AC1F-AEF89646FF85}.Release|Any CPU.ActiveCfg = Release|Any CPU
		{82847EFF-DF5A-4C69-AC1F-AEF89646FF85}.Release|Any CPU.Build.0 = Release|Any CPU
		{0A38951A-B72B-47FE-B62F-56D0340A7DB0}.Debug|Any CPU.ActiveCfg = Debug|Any CPU
		{0A38951A-B72B-47FE-B62F-56D0340A7DB0}.Debug|Any CPU.Build.0 = Debug|Any CPU
		{0A38951A-B72B-47FE-B62F-56D0340A7DB0}.Release|Any CPU.ActiveCfg = Release|Any CPU
		{0A38951A-B72B-47FE-B62F-56D0340A7DB0}.Release|Any CPU.Build.0 = Release|Any CPU
		{FC7C882A-A03C-4B34-A92C-4BC680D83C0F}.Debug|Any CPU.ActiveCfg = Debug|Any CPU
		{FC7C882A-A03C-4B34-A92C-4BC680D83C0F}.Debug|Any CPU.Build.0 = Debug|Any CPU
		{FC7C882A-A03C-4B34-A92C-4BC680D83C0F}.Release|Any CPU.ActiveCfg = Release|Any CPU
		{FC7C882A-A03C-4B34-A92C-4BC680D83C0F}.Release|Any CPU.Build.0 = Release|Any CPU
		{4219B6BF-20AD-4215-98EA-DCEEB7869298}.Debug|Any CPU.ActiveCfg = Debug|Any CPU
		{4219B6BF-20AD-4215-98EA-DCEEB7869298}.Debug|Any CPU.Build.0 = Debug|Any CPU
		{4219B6BF-20AD-4215-98EA-DCEEB7869298}.Release|Any CPU.ActiveCfg = Release|Any CPU
		{4219B6BF-20AD-4215-98EA-DCEEB7869298}.Release|Any CPU.Build.0 = Release|Any CPU
		{EEDD4EC6-CA17-4B95-9BAE-14AE4A7BABC5}.Debug|Any CPU.ActiveCfg = Debug|Any CPU
		{EEDD4EC6-CA17-4B95-9BAE-14AE4A7BABC5}.Debug|Any CPU.Build.0 = Debug|Any CPU
		{EEDD4EC6-CA17-4B95-9BAE-14AE4A7BABC5}.Release|Any CPU.ActiveCfg = Release|Any CPU
		{EEDD4EC6-CA17-4B95-9BAE-14AE4A7BABC5}.Release|Any CPU.Build.0 = Release|Any CPU
		{37299A69-EE99-4241-9B26-31B055183EA3}.Debug|Any CPU.ActiveCfg = Debug|Any CPU
		{37299A69-EE99-4241-9B26-31B055183EA3}.Debug|Any CPU.Build.0 = Debug|Any CPU
		{37299A69-EE99-4241-9B26-31B055183EA3}.Release|Any CPU.ActiveCfg = Release|Any CPU
		{37299A69-EE99-4241-9B26-31B055183EA3}.Release|Any CPU.Build.0 = Release|Any CPU
		{ECB7F7F0-EFF9-47D3-9C82-5E9D840C9BC9}.Debug|Any CPU.ActiveCfg = Debug|Any CPU
		{ECB7F7F0-EFF9-47D3-9C82-5E9D840C9BC9}.Debug|Any CPU.Build.0 = Debug|Any CPU
		{ECB7F7F0-EFF9-47D3-9C82-5E9D840C9BC9}.Release|Any CPU.ActiveCfg = Release|Any CPU
		{ECB7F7F0-EFF9-47D3-9C82-5E9D840C9BC9}.Release|Any CPU.Build.0 = Release|Any CPU
		{D2C8D973-FAE8-4FD5-A7CC-BF8495ED5627}.Debug|Any CPU.ActiveCfg = Debug|Any CPU
		{D2C8D973-FAE8-4FD5-A7CC-BF8495ED5627}.Debug|Any CPU.Build.0 = Debug|Any CPU
		{D2C8D973-FAE8-4FD5-A7CC-BF8495ED5627}.Release|Any CPU.ActiveCfg = Release|Any CPU
		{D2C8D973-FAE8-4FD5-A7CC-BF8495ED5627}.Release|Any CPU.Build.0 = Release|Any CPU
		{A284DC0E-5993-4E66-86C0-0A4A3C00B5D7}.Debug|Any CPU.ActiveCfg = Debug|Any CPU
		{A284DC0E-5993-4E66-86C0-0A4A3C00B5D7}.Debug|Any CPU.Build.0 = Debug|Any CPU
		{A284DC0E-5993-4E66-86C0-0A4A3C00B5D7}.Release|Any CPU.ActiveCfg = Release|Any CPU
		{A284DC0E-5993-4E66-86C0-0A4A3C00B5D7}.Release|Any CPU.Build.0 = Release|Any CPU
		{ED954975-6558-4FBB-A460-30FBC85561A5}.Debug|Any CPU.ActiveCfg = Debug|Any CPU
		{ED954975-6558-4FBB-A460-30FBC85561A5}.Debug|Any CPU.Build.0 = Debug|Any CPU
		{ED954975-6558-4FBB-A460-30FBC85561A5}.Release|Any CPU.ActiveCfg = Release|Any CPU
		{ED954975-6558-4FBB-A460-30FBC85561A5}.Release|Any CPU.Build.0 = Release|Any CPU
		{D29C1D07-E7A1-452A-B356-C3046E5332C9}.Debug|Any CPU.ActiveCfg = Debug|Any CPU
		{D29C1D07-E7A1-452A-B356-C3046E5332C9}.Debug|Any CPU.Build.0 = Debug|Any CPU
		{D29C1D07-E7A1-452A-B356-C3046E5332C9}.Release|Any CPU.ActiveCfg = Release|Any CPU
		{D29C1D07-E7A1-452A-B356-C3046E5332C9}.Release|Any CPU.Build.0 = Release|Any CPU
		{85CEB802-EFED-4682-899D-3B048B0E5F0F}.Debug|Any CPU.ActiveCfg = Debug|Any CPU
		{85CEB802-EFED-4682-899D-3B048B0E5F0F}.Debug|Any CPU.Build.0 = Debug|Any CPU
		{85CEB802-EFED-4682-899D-3B048B0E5F0F}.Release|Any CPU.ActiveCfg = Release|Any CPU
		{85CEB802-EFED-4682-899D-3B048B0E5F0F}.Release|Any CPU.Build.0 = Release|Any CPU
		{9290C644-6701-4545-96C1-A6544CE08695}.Debug|Any CPU.ActiveCfg = Debug|Any CPU
		{9290C644-6701-4545-96C1-A6544CE08695}.Debug|Any CPU.Build.0 = Debug|Any CPU
		{9290C644-6701-4545-96C1-A6544CE08695}.Release|Any CPU.ActiveCfg = Release|Any CPU
		{9290C644-6701-4545-96C1-A6544CE08695}.Release|Any CPU.Build.0 = Release|Any CPU
		{7E84B97A-40C2-4331-8074-2E5A8229FCB4}.Debug|Any CPU.ActiveCfg = Debug|Any CPU
		{7E84B97A-40C2-4331-8074-2E5A8229FCB4}.Debug|Any CPU.Build.0 = Debug|Any CPU
		{7E84B97A-40C2-4331-8074-2E5A8229FCB4}.Release|Any CPU.ActiveCfg = Release|Any CPU
		{7E84B97A-40C2-4331-8074-2E5A8229FCB4}.Release|Any CPU.Build.0 = Release|Any CPU
		{56882F12-C4F7-404F-B67B-0DDF43DF4FE3}.Debug|Any CPU.ActiveCfg = Debug|Any CPU
		{56882F12-C4F7-404F-B67B-0DDF43DF4FE3}.Debug|Any CPU.Build.0 = Debug|Any CPU
		{56882F12-C4F7-404F-B67B-0DDF43DF4FE3}.Release|Any CPU.ActiveCfg = Release|Any CPU
		{56882F12-C4F7-404F-B67B-0DDF43DF4FE3}.Release|Any CPU.Build.0 = Release|Any CPU
		{1B7AA531-F611-4802-AB1F-308313063C84}.Debug|Any CPU.ActiveCfg = Debug|Any CPU
		{1B7AA531-F611-4802-AB1F-308313063C84}.Debug|Any CPU.Build.0 = Debug|Any CPU
		{1B7AA531-F611-4802-AB1F-308313063C84}.Release|Any CPU.ActiveCfg = Release|Any CPU
		{1B7AA531-F611-4802-AB1F-308313063C84}.Release|Any CPU.Build.0 = Release|Any CPU
		{33675098-6753-476F-94C3-71EDB9B6E00C}.Debug|Any CPU.ActiveCfg = Debug|Any CPU
		{33675098-6753-476F-94C3-71EDB9B6E00C}.Debug|Any CPU.Build.0 = Debug|Any CPU
		{33675098-6753-476F-94C3-71EDB9B6E00C}.Release|Any CPU.ActiveCfg = Release|Any CPU
		{33675098-6753-476F-94C3-71EDB9B6E00C}.Release|Any CPU.Build.0 = Release|Any CPU
		{33730AB4-7A00-4F52-BCBA-CAC3CCB1A8D1}.Debug|Any CPU.ActiveCfg = Debug|Any CPU
		{33730AB4-7A00-4F52-BCBA-CAC3CCB1A8D1}.Debug|Any CPU.Build.0 = Debug|Any CPU
		{33730AB4-7A00-4F52-BCBA-CAC3CCB1A8D1}.Release|Any CPU.ActiveCfg = Release|Any CPU
		{33730AB4-7A00-4F52-BCBA-CAC3CCB1A8D1}.Release|Any CPU.Build.0 = Release|Any CPU
		{7B6AF78D-29AF-4BEE-9555-897F54E5E085}.Debug|Any CPU.ActiveCfg = Debug|Any CPU
		{7B6AF78D-29AF-4BEE-9555-897F54E5E085}.Debug|Any CPU.Build.0 = Debug|Any CPU
		{7B6AF78D-29AF-4BEE-9555-897F54E5E085}.Release|Any CPU.ActiveCfg = Release|Any CPU
		{7B6AF78D-29AF-4BEE-9555-897F54E5E085}.Release|Any CPU.Build.0 = Release|Any CPU
		{2A8B5F4A-5575-4A37-8338-11CCA85D7C4E}.Debug|Any CPU.ActiveCfg = Debug|Any CPU
		{2A8B5F4A-5575-4A37-8338-11CCA85D7C4E}.Debug|Any CPU.Build.0 = Debug|Any CPU
		{2A8B5F4A-5575-4A37-8338-11CCA85D7C4E}.Release|Any CPU.ActiveCfg = Release|Any CPU
		{2A8B5F4A-5575-4A37-8338-11CCA85D7C4E}.Release|Any CPU.Build.0 = Release|Any CPU
		{1F0037E3-D64E-4CCC-ABEE-4BC955D11C60}.Debug|Any CPU.ActiveCfg = Debug|Any CPU
		{1F0037E3-D64E-4CCC-ABEE-4BC955D11C60}.Debug|Any CPU.Build.0 = Debug|Any CPU
		{1F0037E3-D64E-4CCC-ABEE-4BC955D11C60}.Release|Any CPU.ActiveCfg = Release|Any CPU
		{1F0037E3-D64E-4CCC-ABEE-4BC955D11C60}.Release|Any CPU.Build.0 = Release|Any CPU
		{BF99AF70-F8ED-4E00-B354-348B8B47FB4F}.Debug|Any CPU.ActiveCfg = Debug|Any CPU
		{BF99AF70-F8ED-4E00-B354-348B8B47FB4F}.Debug|Any CPU.Build.0 = Debug|Any CPU
		{BF99AF70-F8ED-4E00-B354-348B8B47FB4F}.Release|Any CPU.ActiveCfg = Release|Any CPU
		{BF99AF70-F8ED-4E00-B354-348B8B47FB4F}.Release|Any CPU.Build.0 = Release|Any CPU
		{6DA3A770-8C78-4C39-9576-A6A1FC494C37}.Debug|Any CPU.ActiveCfg = Debug|Any CPU
		{6DA3A770-8C78-4C39-9576-A6A1FC494C37}.Debug|Any CPU.Build.0 = Debug|Any CPU
		{6DA3A770-8C78-4C39-9576-A6A1FC494C37}.Release|Any CPU.ActiveCfg = Release|Any CPU
		{6DA3A770-8C78-4C39-9576-A6A1FC494C37}.Release|Any CPU.Build.0 = Release|Any CPU
		{402F028F-85C6-461F-804B-6E56404880E8}.Debug|Any CPU.ActiveCfg = Debug|Any CPU
		{402F028F-85C6-461F-804B-6E56404880E8}.Debug|Any CPU.Build.0 = Debug|Any CPU
		{402F028F-85C6-461F-804B-6E56404880E8}.Release|Any CPU.ActiveCfg = Release|Any CPU
		{402F028F-85C6-461F-804B-6E56404880E8}.Release|Any CPU.Build.0 = Release|Any CPU
		{17142890-FAFD-4C96-8DF1-E909691BA45A}.Debug|Any CPU.ActiveCfg = Debug|Any CPU
		{17142890-FAFD-4C96-8DF1-E909691BA45A}.Debug|Any CPU.Build.0 = Debug|Any CPU
		{17142890-FAFD-4C96-8DF1-E909691BA45A}.Release|Any CPU.ActiveCfg = Release|Any CPU
		{17142890-FAFD-4C96-8DF1-E909691BA45A}.Release|Any CPU.Build.0 = Release|Any CPU
		{139FDA26-9891-425A-87A5-4533CFDD96AD}.Debug|Any CPU.ActiveCfg = Debug|Any CPU
		{139FDA26-9891-425A-87A5-4533CFDD96AD}.Debug|Any CPU.Build.0 = Debug|Any CPU
		{139FDA26-9891-425A-87A5-4533CFDD96AD}.Release|Any CPU.ActiveCfg = Release|Any CPU
		{139FDA26-9891-425A-87A5-4533CFDD96AD}.Release|Any CPU.Build.0 = Release|Any CPU
		{B0E0A030-6D99-4575-89EB-F87E15185946}.Debug|Any CPU.ActiveCfg = Debug|Any CPU
		{B0E0A030-6D99-4575-89EB-F87E15185946}.Debug|Any CPU.Build.0 = Debug|Any CPU
		{B0E0A030-6D99-4575-89EB-F87E15185946}.Release|Any CPU.ActiveCfg = Release|Any CPU
		{B0E0A030-6D99-4575-89EB-F87E15185946}.Release|Any CPU.Build.0 = Release|Any CPU
		{936ADA43-68AB-4233-89A1-6A5FAF5DC853}.Debug|Any CPU.ActiveCfg = Debug|Any CPU
		{936ADA43-68AB-4233-89A1-6A5FAF5DC853}.Debug|Any CPU.Build.0 = Debug|Any CPU
		{936ADA43-68AB-4233-89A1-6A5FAF5DC853}.Release|Any CPU.ActiveCfg = Release|Any CPU
		{936ADA43-68AB-4233-89A1-6A5FAF5DC853}.Release|Any CPU.Build.0 = Release|Any CPU
		{3A304EE2-4800-4B38-88F8-FCDB2B658A64}.Debug|Any CPU.ActiveCfg = Debug|Any CPU
		{3A304EE2-4800-4B38-88F8-FCDB2B658A64}.Debug|Any CPU.Build.0 = Debug|Any CPU
		{3A304EE2-4800-4B38-88F8-FCDB2B658A64}.Release|Any CPU.ActiveCfg = Release|Any CPU
		{3A304EE2-4800-4B38-88F8-FCDB2B658A64}.Release|Any CPU.Build.0 = Release|Any CPU
		{22B63B8D-C3E0-40EA-8649-9E7E295AB837}.Debug|Any CPU.ActiveCfg = Debug|Any CPU
		{22B63B8D-C3E0-40EA-8649-9E7E295AB837}.Debug|Any CPU.Build.0 = Debug|Any CPU
		{22B63B8D-C3E0-40EA-8649-9E7E295AB837}.Release|Any CPU.ActiveCfg = Release|Any CPU
		{22B63B8D-C3E0-40EA-8649-9E7E295AB837}.Release|Any CPU.Build.0 = Release|Any CPU
		{962E0761-58CE-45BE-8D4A-2900CCD30EDE}.Debug|Any CPU.ActiveCfg = Debug|Any CPU
		{962E0761-58CE-45BE-8D4A-2900CCD30EDE}.Debug|Any CPU.Build.0 = Debug|Any CPU
		{962E0761-58CE-45BE-8D4A-2900CCD30EDE}.Release|Any CPU.ActiveCfg = Release|Any CPU
		{962E0761-58CE-45BE-8D4A-2900CCD30EDE}.Release|Any CPU.Build.0 = Release|Any CPU
		{DCF383A7-5990-41FF-8479-EDE2209E8232}.Debug|Any CPU.ActiveCfg = Debug|Any CPU
		{DCF383A7-5990-41FF-8479-EDE2209E8232}.Debug|Any CPU.Build.0 = Debug|Any CPU
		{DCF383A7-5990-41FF-8479-EDE2209E8232}.Release|Any CPU.ActiveCfg = Release|Any CPU
		{DCF383A7-5990-41FF-8479-EDE2209E8232}.Release|Any CPU.Build.0 = Release|Any CPU
		{35CB7EB9-35E9-4402-B629-5004F234DFF5}.Debug|Any CPU.ActiveCfg = Debug|Any CPU
		{35CB7EB9-35E9-4402-B629-5004F234DFF5}.Debug|Any CPU.Build.0 = Debug|Any CPU
		{35CB7EB9-35E9-4402-B629-5004F234DFF5}.Release|Any CPU.ActiveCfg = Release|Any CPU
		{35CB7EB9-35E9-4402-B629-5004F234DFF5}.Release|Any CPU.Build.0 = Release|Any CPU
	EndGlobalSection
	GlobalSection(SolutionProperties) = preSolution
		HideSolutionNode = FALSE
	EndGlobalSection
	GlobalSection(NestedProjects) = preSolution
		{67D53BB0-6C62-4223-9B68-13D26A0C1105} = {B754D97B-4E4B-4CA9-B6A5-A6DDBAD4B9C7}
		{920B1F91-BDAD-4E9A-A3F1-D6E5192301DC} = {B754D97B-4E4B-4CA9-B6A5-A6DDBAD4B9C7}
		{4E9D2372-6CE4-43F1-AFB9-D5650B597256} = {67D53BB0-6C62-4223-9B68-13D26A0C1105}
		{9318F432-E546-47C7-96F4-ACDEE732D3D5} = {67D53BB0-6C62-4223-9B68-13D26A0C1105}
		{8D6C707D-167C-4764-B5AF-9CDD495EE050} = {920B1F91-BDAD-4E9A-A3F1-D6E5192301DC}
		{42C6E20D-11FD-40C9-8191-3E590C3E412E} = {920B1F91-BDAD-4E9A-A3F1-D6E5192301DC}
		{62AE01C1-CD06-4BF7-931F-7A2BA7F50E79} = {B754D97B-4E4B-4CA9-B6A5-A6DDBAD4B9C7}
		{0572D4D0-4C5B-408A-BEB0-84C9D615CA97} = {62AE01C1-CD06-4BF7-931F-7A2BA7F50E79}
		{2E6EB20C-BA46-40DA-A070-A3DC97409CD1} = {62AE01C1-CD06-4BF7-931F-7A2BA7F50E79}
		{94B48DE8-C952-41D0-82CC-C76501EC63B3} = {B754D97B-4E4B-4CA9-B6A5-A6DDBAD4B9C7}
		{F763BE6D-B08E-4160-AFA5-44FC16D7BA36} = {94B48DE8-C952-41D0-82CC-C76501EC63B3}
		{0E4F9155-9578-45FF-A96F-1859A74A0390} = {94B48DE8-C952-41D0-82CC-C76501EC63B3}
		{75579F1A-3F5F-4DA0-BBA5-1D322AEF906F} = {94B48DE8-C952-41D0-82CC-C76501EC63B3}
		{1C6554EB-CF0C-4C88-8915-DAC0F6278B64} = {94B48DE8-C952-41D0-82CC-C76501EC63B3}
		{3D58A179-0BDF-4C2D-9078-E1F55658AE34} = {B754D97B-4E4B-4CA9-B6A5-A6DDBAD4B9C7}
		{C2347A64-9125-4031-9627-FF65BC42950F} = {3D58A179-0BDF-4C2D-9078-E1F55658AE34}
		{C6CCB5E0-5645-4D17-80BC-9426DA6FD7BC} = {3D58A179-0BDF-4C2D-9078-E1F55658AE34}
		{0C05B8F9-3DD1-4FCD-9A48-4204B390224B} = {3D58A179-0BDF-4C2D-9078-E1F55658AE34}
		{CE574A4B-45D3-4D4D-AE29-8BD71E8C11F5} = {3564C89E-01D9-45C9-8EF8-D6BFBD2BD078}
		{CD6E1028-B23B-4040-862F-AFEADBDDFD91} = {CE574A4B-45D3-4D4D-AE29-8BD71E8C11F5}
		{A86CF30A-FDFF-47E8-AF2D-95303391BD99} = {CE574A4B-45D3-4D4D-AE29-8BD71E8C11F5}
		{AB5117C7-74B1-4CF9-ABB3-9CBB2FCBD913} = {B754D97B-4E4B-4CA9-B6A5-A6DDBAD4B9C7}
		{DFF16C0C-1658-42AF-A6EB-E38356E58B80} = {AB5117C7-74B1-4CF9-ABB3-9CBB2FCBD913}
		{7C2594CA-E0D2-42BD-927F-77939FEA8399} = {AB5117C7-74B1-4CF9-ABB3-9CBB2FCBD913}
		{42382C88-B423-4019-B6A0-DC7C8E8C4E6D} = {AB5117C7-74B1-4CF9-ABB3-9CBB2FCBD913}
		{A332B72F-F253-466B-B6E7-765C98EAE7C8} = {3564C89E-01D9-45C9-8EF8-D6BFBD2BD078}
		{74DB0320-804F-472C-ACA4-27857FE1964F} = {A332B72F-F253-466B-B6E7-765C98EAE7C8}
		{82847EFF-DF5A-4C69-AC1F-AEF89646FF85} = {A332B72F-F253-466B-B6E7-765C98EAE7C8}
		{0A38951A-B72B-47FE-B62F-56D0340A7DB0} = {A332B72F-F253-466B-B6E7-765C98EAE7C8}
		{BA267FA9-B810-4BB8-82C2-E68A0344DBAE} = {B754D97B-4E4B-4CA9-B6A5-A6DDBAD4B9C7}
		{FC7C882A-A03C-4B34-A92C-4BC680D83C0F} = {BA267FA9-B810-4BB8-82C2-E68A0344DBAE}
		{4219B6BF-20AD-4215-98EA-DCEEB7869298} = {BA267FA9-B810-4BB8-82C2-E68A0344DBAE}
		{EEDD4EC6-CA17-4B95-9BAE-14AE4A7BABC5} = {BA267FA9-B810-4BB8-82C2-E68A0344DBAE}
		{EA356089-E8E3-4EF6-9AC2-48A94726C785} = {B754D97B-4E4B-4CA9-B6A5-A6DDBAD4B9C7}
		{37299A69-EE99-4241-9B26-31B055183EA3} = {EA356089-E8E3-4EF6-9AC2-48A94726C785}
		{ECB7F7F0-EFF9-47D3-9C82-5E9D840C9BC9} = {EA356089-E8E3-4EF6-9AC2-48A94726C785}
		{D2C8D973-FAE8-4FD5-A7CC-BF8495ED5627} = {EA356089-E8E3-4EF6-9AC2-48A94726C785}
		{074B89C6-0759-4F1D-9556-4DB9178105BA} = {B754D97B-4E4B-4CA9-B6A5-A6DDBAD4B9C7}
		{A284DC0E-5993-4E66-86C0-0A4A3C00B5D7} = {074B89C6-0759-4F1D-9556-4DB9178105BA}
		{ED954975-6558-4FBB-A460-30FBC85561A5} = {074B89C6-0759-4F1D-9556-4DB9178105BA}
		{D29C1D07-E7A1-452A-B356-C3046E5332C9} = {074B89C6-0759-4F1D-9556-4DB9178105BA}
		{F33DD024-719D-48F8-B3C4-791531DB2239} = {B754D97B-4E4B-4CA9-B6A5-A6DDBAD4B9C7}
		{85CEB802-EFED-4682-899D-3B048B0E5F0F} = {F33DD024-719D-48F8-B3C4-791531DB2239}
		{9290C644-6701-4545-96C1-A6544CE08695} = {F33DD024-719D-48F8-B3C4-791531DB2239}
		{7E84B97A-40C2-4331-8074-2E5A8229FCB4} = {F33DD024-719D-48F8-B3C4-791531DB2239}
		{5B87E078-955A-41CB-B426-573F3D11ED8C} = {3564C89E-01D9-45C9-8EF8-D6BFBD2BD078}
		{56882F12-C4F7-404F-B67B-0DDF43DF4FE3} = {5B87E078-955A-41CB-B426-573F3D11ED8C}
		{1B7AA531-F611-4802-AB1F-308313063C84} = {5B87E078-955A-41CB-B426-573F3D11ED8C}
		{39906118-910C-477B-B0E2-5A5D4F5BDCA2} = {B754D97B-4E4B-4CA9-B6A5-A6DDBAD4B9C7}
		{33675098-6753-476F-94C3-71EDB9B6E00C} = {39906118-910C-477B-B0E2-5A5D4F5BDCA2}
		{33730AB4-7A00-4F52-BCBA-CAC3CCB1A8D1} = {39906118-910C-477B-B0E2-5A5D4F5BDCA2}
		{7B6AF78D-29AF-4BEE-9555-897F54E5E085} = {39906118-910C-477B-B0E2-5A5D4F5BDCA2}
		{A3AB1054-ED08-4231-91E2-E4783A6FED6F} = {3564C89E-01D9-45C9-8EF8-D6BFBD2BD078}
		{2A8B5F4A-5575-4A37-8338-11CCA85D7C4E} = {A3AB1054-ED08-4231-91E2-E4783A6FED6F}
		{1F0037E3-D64E-4CCC-ABEE-4BC955D11C60} = {A3AB1054-ED08-4231-91E2-E4783A6FED6F}
		{BF99AF70-F8ED-4E00-B354-348B8B47FB4F} = {A3AB1054-ED08-4231-91E2-E4783A6FED6F}
		{6DA3A770-8C78-4C39-9576-A6A1FC494C37} = {A3AB1054-ED08-4231-91E2-E4783A6FED6F}
		{4C9B80B4-6D5F-43C3-BAB3-50EFEF8DC428} = {3564C89E-01D9-45C9-8EF8-D6BFBD2BD078}
		{402F028F-85C6-461F-804B-6E56404880E8} = {4C9B80B4-6D5F-43C3-BAB3-50EFEF8DC428}
		{17142890-FAFD-4C96-8DF1-E909691BA45A} = {4C9B80B4-6D5F-43C3-BAB3-50EFEF8DC428}
		{A287E806-4052-47C0-B905-90142AC6047C} = {3564C89E-01D9-45C9-8EF8-D6BFBD2BD078}
		{139FDA26-9891-425A-87A5-4533CFDD96AD} = {A287E806-4052-47C0-B905-90142AC6047C}
		{B0E0A030-6D99-4575-89EB-F87E15185946} = {A287E806-4052-47C0-B905-90142AC6047C}
		{B23A45D3-B37F-4B11-85DB-D64B6C3B79DA} = {B754D97B-4E4B-4CA9-B6A5-A6DDBAD4B9C7}
		{936ADA43-68AB-4233-89A1-6A5FAF5DC853} = {B23A45D3-B37F-4B11-85DB-D64B6C3B79DA}
		{3A304EE2-4800-4B38-88F8-FCDB2B658A64} = {B23A45D3-B37F-4B11-85DB-D64B6C3B79DA}
		{2C4949ED-8CD2-4BF0-A075-0C27555E7F0D} = {3564C89E-01D9-45C9-8EF8-D6BFBD2BD078}
		{22B63B8D-C3E0-40EA-8649-9E7E295AB837} = {2C4949ED-8CD2-4BF0-A075-0C27555E7F0D}
		{962E0761-58CE-45BE-8D4A-2900CCD30EDE} = {2C4949ED-8CD2-4BF0-A075-0C27555E7F0D}
		{A74F3891-DF7F-48A8-BC00-5BA797DFF755} = {B754D97B-4E4B-4CA9-B6A5-A6DDBAD4B9C7}
		{DCF383A7-5990-41FF-8479-EDE2209E8232} = {A74F3891-DF7F-48A8-BC00-5BA797DFF755}
		{35CB7EB9-35E9-4402-B629-5004F234DFF5} = {A74F3891-DF7F-48A8-BC00-5BA797DFF755}
		{7BE9D185-4E8D-4494-B64A-3EE6DF00841D} = {3564C89E-01D9-45C9-8EF8-D6BFBD2BD078}
		{1D4038CC-1E9E-4047-B6FE-7775BC318899} = {3564C89E-01D9-45C9-8EF8-D6BFBD2BD078}
		{E6DB8DB9-FE9F-4896-969D-DB233ACAD6E8} = {B754D97B-4E4B-4CA9-B6A5-A6DDBAD4B9C7}
		{3A80D5CE-B881-44C6-9432-87D687A6EB75} = {B754D97B-4E4B-4CA9-B6A5-A6DDBAD4B9C7}
		{6296E828-8B14-40D2-B42B-221774D69018} = {B754D97B-4E4B-4CA9-B6A5-A6DDBAD4B9C7}
		{A14EA14E-0864-4848-9954-B2D20A34F521} = {B754D97B-4E4B-4CA9-B6A5-A6DDBAD4B9C7}
	EndGlobalSection
	GlobalSection(ExtensibilityGlobals) = postSolution
		SolutionGuid = {6BC0E43A-D189-43FD-A3EF-4ABE86A257EF}
	EndGlobalSection
EndGlobal
